---
version: 1
interactions:
- request:
    body: '{"name":"instance_utils_test","project_id":"fa1e3217-dc80-42ac-85c3-3f034b78b552","from_empty":{"size":20000000000},"tags":null}'
    form: {}
    headers:
      Content-Type:
      - application/json
      User-Agent:
      - scaleway-sdk-go/v1.0.0-beta.7+dev (go1.24.1; linux; amd64)
    url: https://api.scaleway.com/block/v1alpha1/zones/fr-par-1/volumes
    method: POST
  response:
    body: '{"id":"cd98ab1d-aeb5-4d25-887c-a1acb2c93050","name":"instance_utils_test","type":"sbs_5k","size":20000000000,"project_id":"fa1e3217-dc80-42ac-85c3-3f034b78b552","created_at":"2025-07-03T22:23:14.552271Z","updated_at":"2025-07-03T22:23:14.552271Z","references":[],"parent_snapshot_id":null,"status":"creating","tags":[],"specs":{"perf_iops":5000,"class":"sbs"},"last_detached_at":null,"zone":"fr-par-1"}'
    headers:
      Content-Length:
      - "402"
      Content-Security-Policy:
      - default-src 'none'; frame-ancestors 'none'
      Content-Type:
      - application/json
      Date:
      - Thu, 03 Jul 2025 22:23:14 GMT
      Server:
      - Scaleway API Gateway (fr-par-1;edge02)
      Strict-Transport-Security:
      - max-age=63072000
      X-Content-Type-Options:
      - nosniff
      X-Frame-Options:
      - DENY
      X-Request-Id:
      - df4a76c9-de80-48e8-a231-ef4f66e382f0
    status: 200 OK
    code: 200
    duration: ""
- request:
    body: '{"name":"instance_utils_test2","project_id":"fa1e3217-dc80-42ac-85c3-3f034b78b552","from_empty":{"size":20000000000},"tags":null}'
    form: {}
    headers:
      Content-Type:
      - application/json
      User-Agent:
      - scaleway-sdk-go/v1.0.0-beta.7+dev (go1.24.1; linux; amd64)
    url: https://api.scaleway.com/block/v1alpha1/zones/fr-par-1/volumes
    method: POST
  response:
    body: '{"id":"241ffa9a-3c73-4cba-badb-9a16648c7b7b","name":"instance_utils_test2","type":"sbs_5k","size":20000000000,"project_id":"fa1e3217-dc80-42ac-85c3-3f034b78b552","created_at":"2025-07-03T22:23:14.684435Z","updated_at":"2025-07-03T22:23:14.684435Z","references":[],"parent_snapshot_id":null,"status":"creating","tags":[],"specs":{"perf_iops":5000,"class":"sbs"},"last_detached_at":null,"zone":"fr-par-1"}'
    headers:
      Content-Length:
      - "403"
      Content-Security-Policy:
      - default-src 'none'; frame-ancestors 'none'
      Content-Type:
      - application/json
      Date:
      - Thu, 03 Jul 2025 22:23:14 GMT
      Server:
      - Scaleway API Gateway (fr-par-1;edge02)
      Strict-Transport-Security:
      - max-age=63072000
      X-Content-Type-Options:
      - nosniff
      X-Frame-Options:
      - DENY
      X-Request-Id:
      - 76bb1edb-14cf-40b6-b1cb-e755e66b8623
    status: 200 OK
    code: 200
    duration: ""
- request:
    body: '{"name":"instance_utils_test","commercial_type":"PRO2-XXS","image":"81b9475d-e1b5-43c2-ac48-4c1a3b640686","volumes":{"0":{"id":"cd98ab1d-aeb5-4d25-887c-a1acb2c93050","volume_type":"sbs_volume"}},"project":"fa1e3217-dc80-42ac-85c3-3f034b78b552"}'
    form: {}
    headers:
      Content-Type:
      - application/json
      User-Agent:
      - scaleway-sdk-go/v1.0.0-beta.7+dev (go1.24.1; linux; amd64)
    url: https://api.scaleway.com/instance/v1/zones/fr-par-1/servers
    method: POST
  response:
    body: '{"server": {"id": "70c5b5db-b7ac-4e3e-a78b-2eafbd9c191f", "name": "instance_utils_test",
      "arch": "x86_64", "commercial_type": "PRO2-XXS", "boot_type": "local", "organization":
      "fa1e3217-dc80-42ac-85c3-3f034b78b552", "project": "fa1e3217-dc80-42ac-85c3-3f034b78b552",
      "hostname": "instance-utils-test", "image": {"id": "81b9475d-e1b5-43c2-ac48-4c1a3b640686",
      "name": "Ubuntu 22.04 Jammy Jellyfish", "organization": "51b656e3-4865-41e8-adbc-0c45bdd780db",
      "project": "51b656e3-4865-41e8-adbc-0c45bdd780db", "root_volume": {"id": "235f1b04-c3f6-4245-9530-43fb642ff96d",
      "name": "Ubuntu 22.04 Jammy Jellyfish", "volume_type": "l_ssd", "size": 10000000000},
      "extra_volumes": {}, "public": true, "arch": "x86_64", "creation_date": "2023-08-08T13:35:09.293489+00:00",
      "modification_date": "2023-08-08T13:35:09.293489+00:00", "default_bootscript":
      null, "from_server": "", "state": "available", "tags": [], "zone": "fr-par-1"},
      "volumes": {"0": {"boot": false, "volume_type": "sbs_volume", "id": "cd98ab1d-aeb5-4d25-887c-a1acb2c93050",
      "zone": "fr-par-1"}}, "tags": [], "state": "stopped", "protected": false, "state_detail":
      "", "public_ip": null, "public_ips": [], "mac_address": "de:00:00:bb:05:13",
      "routed_ip_enabled": true, "ipv6": null, "extra_networks": [], "dynamic_ip_required":
      true, "enable_ipv6": false, "private_ip": null, "creation_date": "2025-07-03T22:23:14.911680+00:00",
      "modification_date": "2025-07-03T22:23:14.911680+00:00", "bootscript": null,
      "security_group": {"id": "dccbeacb-b588-4c47-8eaf-b05d1469d3cb", "name": "Default
      security group"}, "location": null, "maintenances": [], "allowed_actions": ["poweron",
      "backup"], "placement_group": null, "private_nics": [], "zone": "fr-par-1",
      "filesystems": [], "end_of_service": false}}'
    headers:
      Content-Length:
      - "1748"
      Content-Security-Policy:
      - default-src 'none'; frame-ancestors 'none'
      Content-Type:
      - application/json
      Date:
      - Thu, 03 Jul 2025 22:23:15 GMT
      Location:
      - https://api.scaleway.com/instance/v1/zones/fr-par-1/servers/70c5b5db-b7ac-4e3e-a78b-2eafbd9c191f
      Server:
      - Scaleway API Gateway (fr-par-1;edge02)
      Strict-Transport-Security:
      - max-age=63072000
      X-Content-Type-Options:
      - nosniff
      X-Frame-Options:
      - DENY
      X-Request-Id:
      - 3e54c2bf-489c-450a-9618-7bf5a7ecbde9
    status: 201 Created
    code: 201
    duration: ""
- request:
    body: ""
    form: {}
    headers:
      User-Agent:
      - scaleway-sdk-go/v1.0.0-beta.7+dev (go1.24.1; linux; amd64)
    url: https://api.scaleway.com/instance/v1/zones/fr-par-1/volumes/cd98ab1d-aeb5-4d25-887c-a1acb2c93050
    method: GET
  response:
    body: '{"message": "resource is not found", "type": "not_found", "resource": "instance_volume",
      "resource_id": "cd98ab1d-aeb5-4d25-887c-a1acb2c93050"}'
    headers:
      Content-Length:
      - "143"
      Content-Security-Policy:
      - default-src 'none'; frame-ancestors 'none'
      Content-Type:
      - application/json
      Date:
      - Thu, 03 Jul 2025 22:23:15 GMT
      Server:
      - Scaleway API Gateway (fr-par-1;edge02)
      Strict-Transport-Security:
      - max-age=63072000
      X-Content-Type-Options:
      - nosniff
      X-Frame-Options:
      - DENY
      X-Request-Id:
      - 3715c1d4-0b22-4bb8-8afb-069d528a81d8
    status: 404 Not Found
    code: 404
    duration: ""
- request:
    body: ""
    form: {}
    headers:
      User-Agent:
      - scaleway-sdk-go/v1.0.0-beta.7+dev (go1.24.1; linux; amd64)
    url: https://api.scaleway.com/block/v1alpha1/zones/fr-par-1/volumes/cd98ab1d-aeb5-4d25-887c-a1acb2c93050
    method: GET
  response:
    body: '{"id":"cd98ab1d-aeb5-4d25-887c-a1acb2c93050","name":"instance_utils_test","type":"sbs_5k","size":20000000000,"project_id":"fa1e3217-dc80-42ac-85c3-3f034b78b552","created_at":"2025-07-03T22:23:14.552271Z","updated_at":"2025-07-03T22:23:15.062540Z","references":[{"id":"e90315df-f0ee-43e9-a535-def7db513d89","product_resource_type":"instance_server","product_resource_id":"70c5b5db-b7ac-4e3e-a78b-2eafbd9c191f","created_at":"2025-07-03T22:23:15.062540Z","type":"exclusive","status":"attached"}],"parent_snapshot_id":null,"status":"in_use","tags":[],"specs":{"perf_iops":5000,"class":"sbs"},"last_detached_at":null,"zone":"fr-par-1"}'
    headers:
      Content-Length:
      - "630"
      Content-Security-Policy:
      - default-src 'none'; frame-ancestors 'none'
      Content-Type:
      - application/json
      Date:
      - Thu, 03 Jul 2025 22:23:15 GMT
      Server:
      - Scaleway API Gateway (fr-par-1;edge02)
      Strict-Transport-Security:
      - max-age=63072000
      X-Content-Type-Options:
      - nosniff
      X-Frame-Options:
      - DENY
      X-Request-Id:
      - 2df411c9-9d03-419c-a8fa-be8a5f0a146f
    status: 200 OK
    code: 200
    duration: ""
- request:
    body: '{"volume_id":"cd98ab1d-aeb5-4d25-887c-a1acb2c93050"}'
    form: {}
    headers:
      Content-Type:
      - application/json
      User-Agent:
      - scaleway-sdk-go/v1.0.0-beta.7+dev (go1.24.1; linux; amd64)
    url: https://api.scaleway.com/instance/v1/zones/fr-par-1/servers/70c5b5db-b7ac-4e3e-a78b-2eafbd9c191f/detach-volume
    method: POST
  response:
    body: '{"server": {"id": "70c5b5db-b7ac-4e3e-a78b-2eafbd9c191f", "name": "instance_utils_test",
      "arch": "x86_64", "commercial_type": "PRO2-XXS", "boot_type": "local", "organization":
      "fa1e3217-dc80-42ac-85c3-3f034b78b552", "project": "fa1e3217-dc80-42ac-85c3-3f034b78b552",
      "hostname": "instance-utils-test", "image": {"id": "81b9475d-e1b5-43c2-ac48-4c1a3b640686",
      "name": "Ubuntu 22.04 Jammy Jellyfish", "organization": "51b656e3-4865-41e8-adbc-0c45bdd780db",
      "project": "51b656e3-4865-41e8-adbc-0c45bdd780db", "root_volume": {"id": "235f1b04-c3f6-4245-9530-43fb642ff96d",
      "name": "Ubuntu 22.04 Jammy Jellyfish", "volume_type": "l_ssd", "size": 10000000000},
      "extra_volumes": {}, "public": true, "arch": "x86_64", "creation_date": "2023-08-08T13:35:09.293489+00:00",
      "modification_date": "2023-08-08T13:35:09.293489+00:00", "default_bootscript":
      null, "from_server": "", "state": "available", "tags": [], "zone": "fr-par-1"},
      "volumes": {}, "tags": [], "state": "stopped", "protected": false, "state_detail":
      "", "public_ip": null, "public_ips": [], "mac_address": "de:00:00:bb:05:13",
      "routed_ip_enabled": true, "ipv6": null, "extra_networks": [], "dynamic_ip_required":
      true, "enable_ipv6": false, "private_ip": null, "creation_date": "2025-07-03T22:23:14.911680+00:00",
      "modification_date": "2025-07-03T22:23:14.911680+00:00", "bootscript": null,
      "security_group": {"id": "dccbeacb-b588-4c47-8eaf-b05d1469d3cb", "name": "Default
      security group"}, "location": null, "maintenances": [], "allowed_actions": ["poweron",
      "backup"], "placement_group": null, "private_nics": [], "zone": "fr-par-1",
      "filesystems": [], "end_of_service": false}}'
    headers:
      Content-Length:
      - "1633"
      Content-Security-Policy:
      - default-src 'none'; frame-ancestors 'none'
      Content-Type:
      - application/json
      Date:
      - Thu, 03 Jul 2025 22:23:15 GMT
      Server:
      - Scaleway API Gateway (fr-par-1;edge02)
      Strict-Transport-Security:
      - max-age=63072000
      X-Content-Type-Options:
      - nosniff
      X-Frame-Options:
      - DENY
      X-Request-Id:
      - 3325a10e-190e-4995-9acb-4802a75008f8
    status: 200 OK
    code: 200
    duration: ""
- request:
    body: ""
    form: {}
    headers:
      User-Agent:
      - scaleway-sdk-go/v1.0.0-beta.7+dev (go1.24.1; linux; amd64)
    url: https://api.scaleway.com/instance/v1/zones/fr-par-1/servers/70c5b5db-b7ac-4e3e-a78b-2eafbd9c191f
    method: GET
  response:
    body: '{"server": {"id": "70c5b5db-b7ac-4e3e-a78b-2eafbd9c191f", "name": "instance_utils_test",
      "arch": "x86_64", "commercial_type": "PRO2-XXS", "boot_type": "local", "organization":
      "fa1e3217-dc80-42ac-85c3-3f034b78b552", "project": "fa1e3217-dc80-42ac-85c3-3f034b78b552",
      "hostname": "instance-utils-test", "image": {"id": "81b9475d-e1b5-43c2-ac48-4c1a3b640686",
      "name": "Ubuntu 22.04 Jammy Jellyfish", "organization": "51b656e3-4865-41e8-adbc-0c45bdd780db",
      "project": "51b656e3-4865-41e8-adbc-0c45bdd780db", "root_volume": {"id": "235f1b04-c3f6-4245-9530-43fb642ff96d",
      "name": "Ubuntu 22.04 Jammy Jellyfish", "volume_type": "l_ssd", "size": 10000000000},
      "extra_volumes": {}, "public": true, "arch": "x86_64", "creation_date": "2023-08-08T13:35:09.293489+00:00",
      "modification_date": "2023-08-08T13:35:09.293489+00:00", "default_bootscript":
      null, "from_server": "", "state": "available", "tags": [], "zone": "fr-par-1"},
      "volumes": {}, "tags": [], "state": "stopped", "protected": false, "state_detail":
      "", "public_ip": null, "public_ips": [], "mac_address": "de:00:00:bb:05:13",
      "routed_ip_enabled": true, "ipv6": null, "extra_networks": [], "dynamic_ip_required":
      true, "enable_ipv6": false, "private_ip": null, "creation_date": "2025-07-03T22:23:14.911680+00:00",
      "modification_date": "2025-07-03T22:23:14.911680+00:00", "bootscript": null,
      "security_group": {"id": "dccbeacb-b588-4c47-8eaf-b05d1469d3cb", "name": "Default
      security group"}, "location": null, "maintenances": [], "allowed_actions": ["poweron",
      "backup"], "placement_group": null, "private_nics": [], "zone": "fr-par-1",
      "filesystems": [], "end_of_service": false}}'
    headers:
      Content-Length:
      - "1633"
      Content-Security-Policy:
      - default-src 'none'; frame-ancestors 'none'
      Content-Type:
      - application/json
      Date:
      - Thu, 03 Jul 2025 22:23:15 GMT
      Server:
      - Scaleway API Gateway (fr-par-1;edge02)
      Strict-Transport-Security:
      - max-age=63072000
      X-Content-Type-Options:
      - nosniff
      X-Frame-Options:
      - DENY
      X-Request-Id:
      - 1a97fea5-c6d1-4e7b-b672-15cfe53c0e0e
    status: 200 OK
    code: 200
    duration: ""
- request:
    body: ""
    form: {}
    headers:
      User-Agent:
      - scaleway-sdk-go/v1.0.0-beta.7+dev (go1.24.1; linux; amd64)
    url: https://api.scaleway.com/instance/v1/zones/fr-par-1/volumes/cd98ab1d-aeb5-4d25-887c-a1acb2c93050
    method: GET
  response:
    body: '{"message": "resource is not found", "type": "not_found", "resource": "instance_volume",
      "resource_id": "cd98ab1d-aeb5-4d25-887c-a1acb2c93050"}'
    headers:
      Content-Length:
      - "143"
      Content-Security-Policy:
      - default-src 'none'; frame-ancestors 'none'
      Content-Type:
      - application/json
      Date:
      - Thu, 03 Jul 2025 22:23:15 GMT
      Server:
      - Scaleway API Gateway (fr-par-1;edge02)
      Strict-Transport-Security:
      - max-age=63072000
      X-Content-Type-Options:
      - nosniff
      X-Frame-Options:
      - DENY
      X-Request-Id:
      - 326c82c3-0055-4d5f-abca-5f643b9d8163
    status: 404 Not Found
    code: 404
    duration: ""
- request:
    body: ""
    form: {}
    headers:
      User-Agent:
      - scaleway-sdk-go/v1.0.0-beta.7+dev (go1.24.1; linux; amd64)
    url: https://api.scaleway.com/block/v1alpha1/zones/fr-par-1/volumes/cd98ab1d-aeb5-4d25-887c-a1acb2c93050
    method: GET
  response:
    body: '{"id":"cd98ab1d-aeb5-4d25-887c-a1acb2c93050","name":"instance_utils_test","type":"sbs_5k","size":20000000000,"project_id":"fa1e3217-dc80-42ac-85c3-3f034b78b552","created_at":"2025-07-03T22:23:14.552271Z","updated_at":"2025-07-03T22:23:15.062540Z","references":[{"id":"e90315df-f0ee-43e9-a535-def7db513d89","product_resource_type":"instance_server","product_resource_id":"70c5b5db-b7ac-4e3e-a78b-2eafbd9c191f","created_at":"2025-07-03T22:23:15.062540Z","type":"exclusive","status":"detaching"}],"parent_snapshot_id":null,"status":"in_use","tags":[],"specs":{"perf_iops":5000,"class":"sbs"},"last_detached_at":null,"zone":"fr-par-1"}'
    headers:
      Content-Length:
      - "631"
      Content-Security-Policy:
      - default-src 'none'; frame-ancestors 'none'
      Content-Type:
      - application/json
      Date:
      - Thu, 03 Jul 2025 22:23:15 GMT
      Server:
      - Scaleway API Gateway (fr-par-1;edge02)
      Strict-Transport-Security:
      - max-age=63072000
      X-Content-Type-Options:
      - nosniff
      X-Frame-Options:
      - DENY
      X-Request-Id:
      - 0f25116e-58a4-4b2c-967f-65225642ca26
    status: 200 OK
    code: 200
    duration: ""
- request:
    body: '{"volume_id":"cd98ab1d-aeb5-4d25-887c-a1acb2c93050","volume_type":"sbs_volume"}'
    form: {}
    headers:
      Content-Type:
      - application/json
      User-Agent:
      - scaleway-sdk-go/v1.0.0-beta.7+dev (go1.24.1; linux; amd64)
    url: https://api.scaleway.com/instance/v1/zones/fr-par-1/servers/70c5b5db-b7ac-4e3e-a78b-2eafbd9c191f/attach-volume
    method: POST
  response:
    body: '{"server": {"id": "70c5b5db-b7ac-4e3e-a78b-2eafbd9c191f", "name": "instance_utils_test",
      "arch": "x86_64", "commercial_type": "PRO2-XXS", "boot_type": "local", "organization":
      "fa1e3217-dc80-42ac-85c3-3f034b78b552", "project": "fa1e3217-dc80-42ac-85c3-3f034b78b552",
      "hostname": "instance-utils-test", "image": {"id": "81b9475d-e1b5-43c2-ac48-4c1a3b640686",
      "name": "Ubuntu 22.04 Jammy Jellyfish", "organization": "51b656e3-4865-41e8-adbc-0c45bdd780db",
      "project": "51b656e3-4865-41e8-adbc-0c45bdd780db", "root_volume": {"id": "235f1b04-c3f6-4245-9530-43fb642ff96d",
      "name": "Ubuntu 22.04 Jammy Jellyfish", "volume_type": "l_ssd", "size": 10000000000},
      "extra_volumes": {}, "public": true, "arch": "x86_64", "creation_date": "2023-08-08T13:35:09.293489+00:00",
      "modification_date": "2023-08-08T13:35:09.293489+00:00", "default_bootscript":
      null, "from_server": "", "state": "available", "tags": [], "zone": "fr-par-1"},
      "volumes": {"0": {"boot": false, "volume_type": "sbs_volume", "id": "cd98ab1d-aeb5-4d25-887c-a1acb2c93050",
      "zone": "fr-par-1"}}, "tags": [], "state": "stopped", "protected": false, "state_detail":
      "", "public_ip": null, "public_ips": [], "mac_address": "de:00:00:bb:05:13",
      "routed_ip_enabled": true, "ipv6": null, "extra_networks": [], "dynamic_ip_required":
      true, "enable_ipv6": false, "private_ip": null, "creation_date": "2025-07-03T22:23:14.911680+00:00",
      "modification_date": "2025-07-03T22:23:14.911680+00:00", "bootscript": null,
      "security_group": {"id": "dccbeacb-b588-4c47-8eaf-b05d1469d3cb", "name": "Default
      security group"}, "location": null, "maintenances": [], "allowed_actions": [],
      "placement_group": null, "private_nics": [], "zone": "fr-par-1", "filesystems":
      [], "end_of_service": false}}'
    headers:
      Content-Length:
      - "1729"
      Content-Security-Policy:
      - default-src 'none'; frame-ancestors 'none'
      Content-Type:
      - application/json
      Date:
      - Thu, 03 Jul 2025 22:23:16 GMT
      Server:
      - Scaleway API Gateway (fr-par-1;edge02)
      Strict-Transport-Security:
      - max-age=63072000
      X-Content-Type-Options:
      - nosniff
      X-Frame-Options:
      - DENY
      X-Request-Id:
      - 24743da4-0e31-4838-abf8-167731588de2
    status: 200 OK
    code: 200
    duration: ""
- request:
    body: ""
    form: {}
    headers:
      User-Agent:
      - scaleway-sdk-go/v1.0.0-beta.7+dev (go1.24.1; linux; amd64)
    url: https://api.scaleway.com/instance/v1/zones/fr-par-1/volumes/241ffa9a-3c73-4cba-badb-9a16648c7b7b
    method: GET
  response:
    body: '{"message": "resource is not found", "type": "not_found", "resource": "instance_volume",
      "resource_id": "241ffa9a-3c73-4cba-badb-9a16648c7b7b"}'
    headers:
      Content-Length:
      - "143"
      Content-Security-Policy:
      - default-src 'none'; frame-ancestors 'none'
      Content-Type:
      - application/json
      Date:
      - Thu, 03 Jul 2025 22:23:16 GMT
      Server:
      - Scaleway API Gateway (fr-par-1;edge02)
      Strict-Transport-Security:
      - max-age=63072000
      X-Content-Type-Options:
      - nosniff
      X-Frame-Options:
      - DENY
      X-Request-Id:
      - 46fc7291-8c59-4fb4-b6df-bf8b9bd63a34
    status: 404 Not Found
    code: 404
    duration: ""
- request:
    body: ""
    form: {}
    headers:
      User-Agent:
      - scaleway-sdk-go/v1.0.0-beta.7+dev (go1.24.1; linux; amd64)
    url: https://api.scaleway.com/block/v1alpha1/zones/fr-par-1/volumes/241ffa9a-3c73-4cba-badb-9a16648c7b7b
    method: GET
  response:
    body: '{"id":"241ffa9a-3c73-4cba-badb-9a16648c7b7b","name":"instance_utils_test2","type":"sbs_5k","size":20000000000,"project_id":"fa1e3217-dc80-42ac-85c3-3f034b78b552","created_at":"2025-07-03T22:23:14.684435Z","updated_at":"2025-07-03T22:23:14.684435Z","references":[],"parent_snapshot_id":null,"status":"available","tags":[],"specs":{"perf_iops":5000,"class":"sbs"},"last_detached_at":null,"zone":"fr-par-1"}'
    headers:
      Content-Length:
      - "404"
      Content-Security-Policy:
      - default-src 'none'; frame-ancestors 'none'
      Content-Type:
      - application/json
      Date:
      - Thu, 03 Jul 2025 22:23:16 GMT
      Server:
      - Scaleway API Gateway (fr-par-1;edge02)
      Strict-Transport-Security:
      - max-age=63072000
      X-Content-Type-Options:
      - nosniff
      X-Frame-Options:
      - DENY
      X-Request-Id:
      - 7f56cb93-c815-4eef-af93-4fa1140faf09
    status: 200 OK
    code: 200
    duration: ""
- request:
    body: '{"volume_id":"241ffa9a-3c73-4cba-badb-9a16648c7b7b","volume_type":"sbs_volume"}'
    form: {}
    headers:
      Content-Type:
      - application/json
      User-Agent:
      - scaleway-sdk-go/v1.0.0-beta.7+dev (go1.24.1; linux; amd64)
    url: https://api.scaleway.com/instance/v1/zones/fr-par-1/servers/70c5b5db-b7ac-4e3e-a78b-2eafbd9c191f/attach-volume
    method: POST
  response:
    body: '{"server": {"id": "70c5b5db-b7ac-4e3e-a78b-2eafbd9c191f", "name": "instance_utils_test",
      "arch": "x86_64", "commercial_type": "PRO2-XXS", "boot_type": "local", "organization":
      "fa1e3217-dc80-42ac-85c3-3f034b78b552", "project": "fa1e3217-dc80-42ac-85c3-3f034b78b552",
      "hostname": "instance-utils-test", "image": {"id": "81b9475d-e1b5-43c2-ac48-4c1a3b640686",
      "name": "Ubuntu 22.04 Jammy Jellyfish", "organization": "51b656e3-4865-41e8-adbc-0c45bdd780db",
      "project": "51b656e3-4865-41e8-adbc-0c45bdd780db", "root_volume": {"id": "235f1b04-c3f6-4245-9530-43fb642ff96d",
      "name": "Ubuntu 22.04 Jammy Jellyfish", "volume_type": "l_ssd", "size": 10000000000},
      "extra_volumes": {}, "public": true, "arch": "x86_64", "creation_date": "2023-08-08T13:35:09.293489+00:00",
      "modification_date": "2023-08-08T13:35:09.293489+00:00", "default_bootscript":
      null, "from_server": "", "state": "available", "tags": [], "zone": "fr-par-1"},
      "volumes": {"0": {"boot": false, "volume_type": "sbs_volume", "id": "cd98ab1d-aeb5-4d25-887c-a1acb2c93050",
      "zone": "fr-par-1"}, "1": {"boot": false, "volume_type": "sbs_volume", "id":
      "241ffa9a-3c73-4cba-badb-9a16648c7b7b", "zone": "fr-par-1"}}, "tags": [], "state":
      "stopped", "protected": false, "state_detail": "", "public_ip": null, "public_ips":
      [], "mac_address": "de:00:00:bb:05:13", "routed_ip_enabled": true, "ipv6": null,
      "extra_networks": [], "dynamic_ip_required": true, "enable_ipv6": false, "private_ip":
      null, "creation_date": "2025-07-03T22:23:14.911680+00:00", "modification_date":
      "2025-07-03T22:23:14.911680+00:00", "bootscript": null, "security_group": {"id":
      "dccbeacb-b588-4c47-8eaf-b05d1469d3cb", "name": "Default security group"}, "location":
      null, "maintenances": [], "allowed_actions": [], "placement_group": null, "private_nics":
      [], "zone": "fr-par-1", "filesystems": [], "end_of_service": false}}'
    headers:
      Content-Length:
      - "1846"
      Content-Security-Policy:
      - default-src 'none'; frame-ancestors 'none'
      Content-Type:
      - application/json
      Date:
      - Thu, 03 Jul 2025 22:23:16 GMT
      Server:
      - Scaleway API Gateway (fr-par-1;edge02)
      Strict-Transport-Security:
      - max-age=63072000
      X-Content-Type-Options:
      - nosniff
      X-Frame-Options:
      - DENY
      X-Request-Id:
      - 7de81021-8d8f-4513-bafe-832d058df1b7
    status: 200 OK
    code: 200
    duration: ""
- request:
    body: ""
    form: {}
    headers:
      User-Agent:
      - scaleway-sdk-go/v1.0.0-beta.7+dev (go1.24.1; linux; amd64)
    url: https://api.scaleway.com/instance/v1/zones/fr-par-1/servers/70c5b5db-b7ac-4e3e-a78b-2eafbd9c191f
    method: DELETE
  response:
    body: ""
    headers:
      Content-Security-Policy:
      - default-src 'none'; frame-ancestors 'none'
      Content-Type:
      - application/json
      Date:
      - Thu, 03 Jul 2025 22:23:17 GMT
      Server:
      - Scaleway API Gateway (fr-par-1;edge02)
      Strict-Transport-Security:
      - max-age=63072000
      X-Content-Type-Options:
      - nosniff
      X-Frame-Options:
      - DENY
      X-Request-Id:
      - 799ed5d9-caa6-440c-a783-dc28944c320d
    status: 204 No Content
    code: 204
    duration: ""
- request:
    body: ""
    form: {}
    headers:
      User-Agent:
      - scaleway-sdk-go/v1.0.0-beta.7+dev (go1.24.1; linux; amd64)
    url: https://api.scaleway.com/block/v1alpha1/zones/fr-par-1/volumes/cd98ab1d-aeb5-4d25-887c-a1acb2c93050
    method: GET
  response:
    body: '{"id":"cd98ab1d-aeb5-4d25-887c-a1acb2c93050","name":"instance_utils_test","type":"sbs_5k","size":20000000000,"project_id":"fa1e3217-dc80-42ac-85c3-3f034b78b552","created_at":"2025-07-03T22:23:14.552271Z","updated_at":"2025-07-03T22:23:17.366752Z","references":[],"parent_snapshot_id":null,"status":"available","tags":[],"specs":{"perf_iops":5000,"class":"sbs"},"last_detached_at":"2025-07-03T22:23:17.366752Z","zone":"fr-par-1"}'
    headers:
      Content-Length:
      - "428"
      Content-Security-Policy:
      - default-src 'none'; frame-ancestors 'none'
      Content-Type:
      - application/json
      Date:
      - Thu, 03 Jul 2025 22:23:17 GMT
      Server:
      - Scaleway API Gateway (fr-par-1;edge02)
      Strict-Transport-Security:
      - max-age=63072000
      X-Content-Type-Options:
      - nosniff
      X-Frame-Options:
      - DENY
      X-Request-Id:
      - 16a82dab-3502-4ced-b524-dc087b801674
    status: 200 OK
    code: 200
    duration: ""
- request:
    body: ""
    form: {}
    headers:
      User-Agent:
      - scaleway-sdk-go/v1.0.0-beta.7+dev (go1.24.1; linux; amd64)
    url: https://api.scaleway.com/block/v1alpha1/zones/fr-par-1/volumes/cd98ab1d-aeb5-4d25-887c-a1acb2c93050
    method: DELETE
  response:
    body: ""
    headers:
      Content-Security-Policy:
      - default-src 'none'; frame-ancestors 'none'
      Content-Type:
      - application/json
      Date:
      - Thu, 03 Jul 2025 22:23:17 GMT
      Server:
      - Scaleway API Gateway (fr-par-1;edge02)
      Strict-Transport-Security:
      - max-age=63072000
      X-Content-Type-Options:
      - nosniff
      X-Frame-Options:
      - DENY
      X-Request-Id:
      - 00c12ea9-04f7-401d-af34-8905f4cdaf9f
    status: 204 No Content
    code: 204
    duration: ""
- request:
    body: ""
    form: {}
    headers:
      User-Agent:
      - scaleway-sdk-go/v1.0.0-beta.7+dev (go1.24.1; linux; amd64)
    url: https://api.scaleway.com/block/v1alpha1/zones/fr-par-1/volumes/241ffa9a-3c73-4cba-badb-9a16648c7b7b
    method: GET
  response:
    body: '{"id":"241ffa9a-3c73-4cba-badb-9a16648c7b7b","name":"instance_utils_test2","type":"sbs_5k","size":20000000000,"project_id":"fa1e3217-dc80-42ac-85c3-3f034b78b552","created_at":"2025-07-03T22:23:14.684435Z","updated_at":"2025-07-03T22:23:17.436983Z","references":[],"parent_snapshot_id":null,"status":"available","tags":[],"specs":{"perf_iops":5000,"class":"sbs"},"last_detached_at":"2025-07-03T22:23:17.436983Z","zone":"fr-par-1"}'
    headers:
      Content-Length:
      - "429"
      Content-Security-Policy:
      - default-src 'none'; frame-ancestors 'none'
      Content-Type:
      - application/json
      Date:
      - Thu, 03 Jul 2025 22:23:17 GMT
      Server:
      - Scaleway API Gateway (fr-par-1;edge02)
      Strict-Transport-Security:
      - max-age=63072000
      X-Content-Type-Options:
      - nosniff
      X-Frame-Options:
      - DENY
      X-Request-Id:
      - b46e1bf0-ad4d-4949-90be-c0553595d6ba
    status: 200 OK
    code: 200
    duration: ""
- request:
    body: ""
    form: {}
    headers:
      User-Agent:
      - scaleway-sdk-go/v1.0.0-beta.7+dev (go1.24.1; linux; amd64)
    url: https://api.scaleway.com/block/v1alpha1/zones/fr-par-1/volumes/241ffa9a-3c73-4cba-badb-9a16648c7b7b
    method: DELETE
  response:
    body: ""
    headers:
      Content-Security-Policy:
      - default-src 'none'; frame-ancestors 'none'
      Content-Type:
      - application/json
      Date:
      - Thu, 03 Jul 2025 22:23:17 GMT
      Server:
      - Scaleway API Gateway (fr-par-1;edge02)
      Strict-Transport-Security:
      - max-age=63072000
      X-Content-Type-Options:
      - nosniff
      X-Frame-Options:
      - DENY
      X-Request-Id:
      - 382a81f1-803f-4689-b0f0-3037e8233801
    status: 204 No Content
    code: 204
    duration: ""
